
Microsoft Visual Studio Solution File, Format Version 12.00
# Visual Studio Version 17
VisualStudioVersion = 17.14.36127.28
MinimumVisualStudioVersion = 10.0.40219.1
Project("{FAE04EC0-301F-11D3-BF4B-00C04F79EFBC}") = "GUI", "Parcial 2 - Campo\GUI.csproj", "{83FDCEED-72DF-4605-9E24-F616902DF084}"
EndProject
Project("{FAE04EC0-301F-11D3-BF4B-00C04F79EFBC}") = "BLL", "BLL\BLL.csproj", "{D89C1372-7A3E-4F4B-9F4E-3E5B8C9D1A2C}"
EndProject
Project("{FAE04EC0-301F-11D3-BF4B-00C04F79EFBC}") = "DAL", "DAL\DAL.csproj", "{E89C1372-7A3E-4F4B-9F4E-3E5B8C9D1A2D}"
EndProject
Project("{FAE04EC0-301F-11D3-BF4B-00C04F79EFBC}") = "BE", "BE\BE.csproj", "{C89C1372-7A3E-4F4B-9F4E-3E5B8C9D1A2B}"
EndProject
Global
	GlobalSection(SolutionConfigurationPlatforms) = preSolution
		Debug|Any CPU = Debug|Any CPU
		Release|Any CPU = Release|Any CPU
	EndGlobalSection
	GlobalSection(ProjectConfigurationPlatforms) = postSolution
		{83FDCEED-72DF-4605-9E24-F616902DF084}.Debug|Any CPU.ActiveCfg = Debug|Any CPU
		{83FDCEED-72DF-4605-9E24-F616902DF084}.Debug|Any CPU.Build.0 = Debug|Any CPU
		{83FDCEED-72DF-4605-9E24-F616902DF084}.Release|Any CPU.ActiveCfg = Release|Any CPU
		{83FDCEED-72DF-4605-9E24-F616902DF084}.Release|Any CPU.Build.0 = Release|Any CPU
		{D89C1372-7A3E-4F4B-9F4E-3E5B8C9D1A2C}.Debug|Any CPU.ActiveCfg = Debug|Any CPU
		{D89C1372-7A3E-4F4B-9F4E-3E5B8C9D1A2C}.Debug|Any CPU.Build.0 = Debug|Any CPU
		{D89C1372-7A3E-4F4B-9F4E-3E5B8C9D1A2C}.Release|Any CPU.ActiveCfg = Release|Any CPU
		{D89C1372-7A3E-4F4B-9F4E-3E5B8C9D1A2C}.Release|Any CPU.Build.0 = Release|Any CPU
		{E89C1372-7A3E-4F4B-9F4E-3E5B8C9D1A2D}.Debug|Any CPU.ActiveCfg = Debug|Any CPU
		{E89C1372-7A3E-4F4B-9F4E-3E5B8C9D1A2D}.Debug|Any CPU.Build.0 = Debug|Any CPU
		{E89C1372-7A3E-4F4B-9F4E-3E5B8C9D1A2D}.Release|Any CPU.ActiveCfg = Release|Any CPU
		{E89C1372-7A3E-4F4B-9F4E-3E5B8C9D1A2D}.Release|Any CPU.Build.0 = Release|Any CPU
		{C89C1372-7A3E-4F4B-9F4E-3E5B8C9D1A2B}.Debug|Any CPU.ActiveCfg = Debug|Any CPU
		{C89C1372-7A3E-4F4B-9F4E-3E5B8C9D1A2B}.Debug|Any CPU.Build.0 = Debug|Any CPU
		{C89C1372-7A3E-4F4B-9F4E-3E5B8C9D1A2B}.Release|Any CPU.ActiveCfg = Release|Any CPU
		{C89C1372-7A3E-4F4B-9F4E-3E5B8C9D1A2B}.Release|Any CPU.Build.0 = Release|Any CPU
	EndGlobalSection
	GlobalSection(SolutionProperties) = preSolution
		HideSolutionNode = FALSE
	EndGlobalSection
	GlobalSection(ExtensibilityGlobals) = postSolution
		SolutionGuid = {B41B7A14-F9D3-44D4-A52D-2D0FB6A4C745}
	EndGlobalSection
EndGlobal
